
Microsoft Visual Studio Solution File, Format Version 12.00
# Visual Studio Version 16
VisualStudioVersion = 16.0.29102.190
MinimumVisualStudioVersion = 10.0.40219.1
Project("{8BC9CEB8-8B4A-11D0-8D11-00A0C91BC942}") = "DynamicArrays", "DynamicArrays.vcxproj", "{6A002927-031B-4C07-8F6C-CC1795767162}"
EndProject
Global
	GlobalSection(SolutionConfigurationPlatforms) = preSolution
		Debug|x64 = Debug|x64
		Debug|x86 = Debug|x86
		Release|x64 = Release|x64
		Release|x86 = Release|x86
	EndGlobalSection
	GlobalSection(ProjectConfigurationPlatforms) = postSolution
		{6A002927-031B-4C07-8F6C-CC1795767162}.Debug|x64.ActiveCfg = Debug|x64
		{6A002927-031B-4C07-8F6C-CC1795767162}.Debug|x64.Build.0 = Debug|x64
		{6A002927-031B-4C07-8F6C-CC1795767162}.Debug|x86.ActiveCfg = Debug|Win32
		{6A002927-031B-4C07-8F6C-CC1795767162}.Debug|x86.Build.0 = Debug|Win32
		{6A002927-031B-4C07-8F6C-CC1795767162}.Release|x64.ActiveCfg = Release|x64
		{6A002927-031B-4C07-8F6C-CC1795767162}.Release|x64.Build.0 = Release|x64
		{6A002927-031B-4C07-8F6C-CC1795767162}.Release|x86.ActiveCfg = Release|Win32
		{6A002927-031B-4C07-8F6C-CC1795767162}.Release|x86.Build.0 = Release|Win32
	EndGlobalSection
	GlobalSection(SolutionProperties) = preSolution
		HideSolutionNode = FALSE
	EndGlobalSection
	GlobalSection(ExtensibilityGlobals) = postSolution
		SolutionGuid = {C7121C5D-DBAA-4109-9230-5D6B46717127}
	EndGlobalSection
EndGlobal
